
Microsoft Visual Studio Solution File, Format Version 12.00
# Visual Studio Version 16
VisualStudioVersion = 16.0.29424.173
MinimumVisualStudioVersion = 10.0.40219.1
Project("{FAE04EC0-301F-11D3-BF4B-00C04F79EFBC}") = "TimeEditApp", "TimeEditApp\TimeEditApp.csproj", "{5DDE7624-E511-4905-8A29-6ECD63DAC47B}"
EndProject
Global
	GlobalSection(SolutionConfigurationPlatforms) = preSolution
		Debug|Any CPU = Debug|Any CPU
		Release|Any CPU = Release|Any CPU
	EndGlobalSection
	GlobalSection(ProjectConfigurationPlatforms) = postSolution
		{5DDE7624-E511-4905-8A29-6ECD63DAC47B}.Debug|Any CPU.ActiveCfg = Debug|Any CPU
		{5DDE7624-E511-4905-8A29-6ECD63DAC47B}.Debug|Any CPU.Build.0 = Debug|Any CPU
		{5DDE7624-E511-4905-8A29-6ECD63DAC47B}.Release|Any CPU.ActiveCfg = Release|Any CPU
		{5DDE7624-E511-4905-8A29-6ECD63DAC47B}.Release|Any CPU.Build.0 = Release|Any CPU
	EndGlobalSection
	GlobalSection(SolutionProperties) = preSolution
		HideSolutionNode = FALSE
	EndGlobalSection
	GlobalSection(ExtensibilityGlobals) = postSolution
		SolutionGuid = {7D5E798C-A310-4C05-BDE6-F1390DB969B8}
	EndGlobalSection
EndGlobal
